
Microsoft Visual Studio Solution File, Format Version 12.00
# Visual Studio 14
VisualStudioVersion = 14.0.25420.1
MinimumVisualStudioVersion = 10.0.40219.1
Project("{FAE04EC0-301F-11D3-BF4B-00C04F79EFBC}") = "OnlineUnitTesting.Android", "OnlineUnitTesting\OnlineUnitTesting.Android\OnlineUnitTesting.Android.csproj", "{F29FFB87-44F8-4257-8945-29593F6708DC}"
EndProject
Project("{FAE04EC0-301F-11D3-BF4B-00C04F79EFBC}") = "OnlineUnitTesting.iOS", "OnlineUnitTesting\OnlineUnitTesting.iOS\OnlineUnitTesting.iOS.csproj", "{38868C28-D568-4FD9-888A-B350484C590E}"
EndProject
Project("{FAE04EC0-301F-11D3-BF4B-00C04F79EFBC}") = "OnlineUnitTesting", "OnlineUnitTesting\OnlineUnitTesting\OnlineUnitTesting.csproj", "{58246C46-CAD7-496A-A45D-B8A9F92FA5BE}"
EndProject
Project("{FAE04EC0-301F-11D3-BF4B-00C04F79EFBC}") = "WindowsPhone", "WindowsPhone\WindowsPhone.csproj", "{7F096116-C097-4907-B205-561D2E93D9D4}"
EndProject
Project("{FAE04EC0-301F-11D3-BF4B-00C04F79EFBC}") = "UnitTests", "UnitTests\UnitTests.csproj", "{CE0EB66C-C8DF-477D-A726-179CE8DE6BD2}"
EndProject
Global
	GlobalSection(SolutionConfigurationPlatforms) = preSolution
		Debug|Any CPU = Debug|Any CPU
		Debug|ARM = Debug|ARM
		Debug|iPhone = Debug|iPhone
		Debug|iPhoneSimulator = Debug|iPhoneSimulator
		Debug|x86 = Debug|x86
		Release|Any CPU = Release|Any CPU
		Release|ARM = Release|ARM
		Release|iPhone = Release|iPhone
		Release|iPhoneSimulator = Release|iPhoneSimulator
		Release|x86 = Release|x86
	EndGlobalSection
	GlobalSection(ProjectConfigurationPlatforms) = postSolution
		{F29FFB87-44F8-4257-8945-29593F6708DC}.Debug|Any CPU.ActiveCfg = Debug|Any CPU
		{F29FFB87-44F8-4257-8945-29593F6708DC}.Debug|Any CPU.Build.0 = Debug|Any CPU
		{F29FFB87-44F8-4257-8945-29593F6708DC}.Debug|Any CPU.Deploy.0 = Debug|Any CPU
		{F29FFB87-44F8-4257-8945-29593F6708DC}.Debug|ARM.ActiveCfg = Debug|Any CPU
		{F29FFB87-44F8-4257-8945-29593F6708DC}.Debug|ARM.Build.0 = Debug|Any CPU
		{F29FFB87-44F8-4257-8945-29593F6708DC}.Debug|ARM.Deploy.0 = Debug|Any CPU
		{F29FFB87-44F8-4257-8945-29593F6708DC}.Debug|iPhone.ActiveCfg = Debug|Any CPU
		{F29FFB87-44F8-4257-8945-29593F6708DC}.Debug|iPhone.Build.0 = Debug|Any CPU
		{F29FFB87-44F8-4257-8945-29593F6708DC}.Debug|iPhone.Deploy.0 = Debug|Any CPU
		{F29FFB87-44F8-4257-8945-29593F6708DC}.Debug|iPhoneSimulator.ActiveCfg = Debug|Any CPU
		{F29FFB87-44F8-4257-8945-29593F6708DC}.Debug|iPhoneSimulator.Build.0 = Debug|Any CPU
		{F29FFB87-44F8-4257-8945-29593F6708DC}.Debug|iPhoneSimulator.Deploy.0 = Debug|Any CPU
		{F29FFB87-44F8-4257-8945-29593F6708DC}.Debug|x86.ActiveCfg = Debug|Any CPU
		{F29FFB87-44F8-4257-8945-29593F6708DC}.Debug|x86.Build.0 = Debug|Any CPU
		{F29FFB87-44F8-4257-8945-29593F6708DC}.Debug|x86.Deploy.0 = Debug|Any CPU
		{F29FFB87-44F8-4257-8945-29593F6708DC}.Release|Any CPU.ActiveCfg = Release|Any CPU
		{F29FFB87-44F8-4257-8945-29593F6708DC}.Release|Any CPU.Build.0 = Release|Any CPU
		{F29FFB87-44F8-4257-8945-29593F6708DC}.Release|Any CPU.Deploy.0 = Release|Any CPU
		{F29FFB87-44F8-4257-8945-29593F6708DC}.Release|ARM.ActiveCfg = Release|Any CPU
		{F29FFB87-44F8-4257-8945-29593F6708DC}.Release|ARM.Build.0 = Release|Any CPU
		{F29FFB87-44F8-4257-8945-29593F6708DC}.Release|ARM.Deploy.0 = Release|Any CPU
		{F29FFB87-44F8-4257-8945-29593F6708DC}.Release|iPhone.ActiveCfg = Release|Any CPU
		{F29FFB87-44F8-4257-8945-29593F6708DC}.Release|iPhone.Build.0 = Release|Any CPU
		{F29FFB87-44F8-4257-8945-29593F6708DC}.Release|iPhone.Deploy.0 = Release|Any CPU
		{F29FFB87-44F8-4257-8945-29593F6708DC}.Release|iPhoneSimulator.ActiveCfg = Release|Any CPU
		{F29FFB87-44F8-4257-8945-29593F6708DC}.Release|iPhoneSimulator.Build.0 = Release|Any CPU
		{F29FFB87-44F8-4257-8945-29593F6708DC}.Release|iPhoneSimulator.Deploy.0 = Release|Any CPU
		{F29FFB87-44F8-4257-8945-29593F6708DC}.Release|x86.ActiveCfg = Release|Any CPU
		{F29FFB87-44F8-4257-8945-29593F6708DC}.Release|x86.Build.0 = Release|Any CPU
		{F29FFB87-44F8-4257-8945-29593F6708DC}.Release|x86.Deploy.0 = Release|Any CPU
		{38868C28-D568-4FD9-888A-B350484C590E}.Debug|Any CPU.ActiveCfg = Debug|iPhone
		{38868C28-D568-4FD9-888A-B350484C590E}.Debug|ARM.ActiveCfg = Debug|iPhone
		{38868C28-D568-4FD9-888A-B350484C590E}.Debug|iPhone.ActiveCfg = Debug|iPhone
		{38868C28-D568-4FD9-888A-B350484C590E}.Debug|iPhone.Build.0 = Debug|iPhone
		{38868C28-D568-4FD9-888A-B350484C590E}.Debug|iPhoneSimulator.ActiveCfg = Debug|iPhoneSimulator
		{38868C28-D568-4FD9-888A-B350484C590E}.Debug|iPhoneSimulator.Build.0 = Debug|iPhoneSimulator
		{38868C28-D568-4FD9-888A-B350484C590E}.Debug|x86.ActiveCfg = Debug|iPhone
		{38868C28-D568-4FD9-888A-B350484C590E}.Release|Any CPU.ActiveCfg = Release|iPhone
		{38868C28-D568-4FD9-888A-B350484C590E}.Release|ARM.ActiveCfg = Release|iPhone
		{38868C28-D568-4FD9-888A-B350484C590E}.Release|iPhone.ActiveCfg = Release|iPhone
		{38868C28-D568-4FD9-888A-B350484C590E}.Release|iPhone.Build.0 = Release|iPhone
		{38868C28-D568-4FD9-888A-B350484C590E}.Release|iPhoneSimulator.ActiveCfg = Release|iPhoneSimulator
		{38868C28-D568-4FD9-888A-B350484C590E}.Release|iPhoneSimulator.Build.0 = Release|iPhoneSimulator
		{38868C28-D568-4FD9-888A-B350484C590E}.Release|x86.ActiveCfg = Release|iPhone
		{58246C46-CAD7-496A-A45D-B8A9F92FA5BE}.Debug|Any CPU.ActiveCfg = Debug|Any CPU
		{58246C46-CAD7-496A-A45D-B8A9F92FA5BE}.Debug|Any CPU.Build.0 = Debug|Any CPU
		{58246C46-CAD7-496A-A45D-B8A9F92FA5BE}.Debug|ARM.ActiveCfg = Debug|Any CPU
		{58246C46-CAD7-496A-A45D-B8A9F92FA5BE}.Debug|ARM.Build.0 = Debug|Any CPU
		{58246C46-CAD7-496A-A45D-B8A9F92FA5BE}.Debug|iPhone.ActiveCfg = Debug|Any CPU
		{58246C46-CAD7-496A-A45D-B8A9F92FA5BE}.Debug|iPhone.Build.0 = Debug|Any CPU
		{58246C46-CAD7-496A-A45D-B8A9F92FA5BE}.Debug|iPhoneSimulator.ActiveCfg = Debug|Any CPU
		{58246C46-CAD7-496A-A45D-B8A9F92FA5BE}.Debug|iPhoneSimulator.Build.0 = Debug|Any CPU
		{58246C46-CAD7-496A-A45D-B8A9F92FA5BE}.Debug|x86.ActiveCfg = Debug|Any CPU
		{58246C46-CAD7-496A-A45D-B8A9F92FA5BE}.Debug|x86.Build.0 = Debug|Any CPU
		{58246C46-CAD7-496A-A45D-B8A9F92FA5BE}.Release|Any CPU.ActiveCfg = Release|Any CPU
		{58246C46-CAD7-496A-A45D-B8A9F92FA5BE}.Release|Any CPU.Build.0 = Release|Any CPU
		{58246C46-CAD7-496A-A45D-B8A9F92FA5BE}.Release|ARM.ActiveCfg = Release|Any CPU
		{58246C46-CAD7-496A-A45D-B8A9F92FA5BE}.Release|ARM.Build.0 = Release|Any CPU
		{58246C46-CAD7-496A-A45D-B8A9F92FA5BE}.Release|iPhone.ActiveCfg = Release|Any CPU
		{58246C46-CAD7-496A-A45D-B8A9F92FA5BE}.Release|iPhone.Build.0 = Release|Any CPU
		{58246C46-CAD7-496A-A45D-B8A9F92FA5BE}.Release|iPhoneSimulator.ActiveCfg = Release|Any CPU
		{58246C46-CAD7-496A-A45D-B8A9F92FA5BE}.Release|iPhoneSimulator.Build.0 = Release|Any CPU
		{58246C46-CAD7-496A-A45D-B8A9F92FA5BE}.Release|x86.ActiveCfg = Release|Any CPU
		{58246C46-CAD7-496A-A45D-B8A9F92FA5BE}.Release|x86.Build.0 = Release|Any CPU
		{7F096116-C097-4907-B205-561D2E93D9D4}.Debug|Any CPU.ActiveCfg = Debug|Any CPU
		{7F096116-C097-4907-B205-561D2E93D9D4}.Debug|Any CPU.Build.0 = Debug|Any CPU
		{7F096116-C097-4907-B205-561D2E93D9D4}.Debug|Any CPU.Deploy.0 = Debug|Any CPU
		{7F096116-C097-4907-B205-561D2E93D9D4}.Debug|ARM.ActiveCfg = Debug|ARM
		{7F096116-C097-4907-B205-561D2E93D9D4}.Debug|ARM.Build.0 = Debug|ARM
		{7F096116-C097-4907-B205-561D2E93D9D4}.Debug|ARM.Deploy.0 = Debug|ARM
		{7F096116-C097-4907-B205-561D2E93D9D4}.Debug|iPhone.ActiveCfg = Debug|Any CPU
		{7F096116-C097-4907-B205-561D2E93D9D4}.Debug|iPhone.Build.0 = Debug|Any CPU
		{7F096116-C097-4907-B205-561D2E93D9D4}.Debug|iPhone.Deploy.0 = Debug|Any CPU
		{7F096116-C097-4907-B205-561D2E93D9D4}.Debug|iPhoneSimulator.ActiveCfg = Debug|Any CPU
		{7F096116-C097-4907-B205-561D2E93D9D4}.Debug|iPhoneSimulator.Build.0 = Debug|Any CPU
		{7F096116-C097-4907-B205-561D2E93D9D4}.Debug|iPhoneSimulator.Deploy.0 = Debug|Any CPU
		{7F096116-C097-4907-B205-561D2E93D9D4}.Debug|x86.ActiveCfg = Debug|x86
		{7F096116-C097-4907-B205-561D2E93D9D4}.Debug|x86.Build.0 = Debug|x86
		{7F096116-C097-4907-B205-561D2E93D9D4}.Debug|x86.Deploy.0 = Debug|x86
		{7F096116-C097-4907-B205-561D2E93D9D4}.Release|Any CPU.ActiveCfg = Release|Any CPU
		{7F096116-C097-4907-B205-561D2E93D9D4}.Release|Any CPU.Build.0 = Release|Any CPU
		{7F096116-C097-4907-B205-561D2E93D9D4}.Release|Any CPU.Deploy.0 = Release|Any CPU
		{7F096116-C097-4907-B205-561D2E93D9D4}.Release|ARM.ActiveCfg = Release|ARM
		{7F096116-C097-4907-B205-561D2E93D9D4}.Release|ARM.Build.0 = Release|ARM
		{7F096116-C097-4907-B205-561D2E93D9D4}.Release|ARM.Deploy.0 = Release|ARM
		{7F096116-C097-4907-B205-561D2E93D9D4}.Release|iPhone.ActiveCfg = Release|Any CPU
		{7F096116-C097-4907-B205-561D2E93D9D4}.Release|iPhone.Build.0 = Release|Any CPU
		{7F096116-C097-4907-B205-561D2E93D9D4}.Release|iPhone.Deploy.0 = Release|Any CPU
		{7F096116-C097-4907-B205-561D2E93D9D4}.Release|iPhoneSimulator.ActiveCfg = Release|Any CPU
		{7F096116-C097-4907-B205-561D2E93D9D4}.Release|iPhoneSimulator.Build.0 = Release|Any CPU
		{7F096116-C097-4907-B205-561D2E93D9D4}.Release|iPhoneSimulator.Deploy.0 = Release|Any CPU
		{7F096116-C097-4907-B205-561D2E93D9D4}.Release|x86.ActiveCfg = Release|x86
		{7F096116-C097-4907-B205-561D2E93D9D4}.Release|x86.Build.0 = Release|x86
		{7F096116-C097-4907-B205-561D2E93D9D4}.Release|x86.Deploy.0 = Release|x86
		{CE0EB66C-C8DF-477D-A726-179CE8DE6BD2}.Debug|Any CPU.ActiveCfg = Debug|Any CPU
		{CE0EB66C-C8DF-477D-A726-179CE8DE6BD2}.Debug|Any CPU.Build.0 = Debug|Any CPU
		{CE0EB66C-C8DF-477D-A726-179CE8DE6BD2}.Debug|ARM.ActiveCfg = Debug|Any CPU
		{CE0EB66C-C8DF-477D-A726-179CE8DE6BD2}.Debug|ARM.Build.0 = Debug|Any CPU
		{CE0EB66C-C8DF-477D-A726-179CE8DE6BD2}.Debug|iPhone.ActiveCfg = Debug|Any CPU
		{CE0EB66C-C8DF-477D-A726-179CE8DE6BD2}.Debug|iPhone.Build.0 = Debug|Any CPU
		{CE0EB66C-C8DF-477D-A726-179CE8DE6BD2}.Debug|iPhoneSimulator.ActiveCfg = Debug|Any CPU
		{CE0EB66C-C8DF-477D-A726-179CE8DE6BD2}.Debug|iPhoneSimulator.Build.0 = Debug|Any CPU
		{CE0EB66C-C8DF-477D-A726-179CE8DE6BD2}.Debug|x86.ActiveCfg = Debug|Any CPU
		{CE0EB66C-C8DF-477D-A726-179CE8DE6BD2}.Debug|x86.Build.0 = Debug|Any CPU
		{CE0EB66C-C8DF-477D-A726-179CE8DE6BD2}.Release|Any CPU.ActiveCfg = Release|Any CPU
		{CE0EB66C-C8DF-477D-A726-179CE8DE6BD2}.Release|Any CPU.Build.0 = Release|Any CPU
		{CE0EB66C-C8DF-477D-A726-179CE8DE6BD2}.Release|ARM.ActiveCfg = Release|Any CPU
		{CE0EB66C-C8DF-477D-A726-179CE8DE6BD2}.Release|ARM.Build.0 = Release|Any CPU
		{CE0EB66C-C8DF-477D-A726-179CE8DE6BD2}.Release|iPhone.ActiveCfg = Release|Any CPU
		{CE0EB66C-C8DF-477D-A726-179CE8DE6BD2}.Release|iPhone.Build.0 = Release|Any CPU
		{CE0EB66C-C8DF-477D-A726-179CE8DE6BD2}.Release|iPhoneSimulator.ActiveCfg = Release|Any CPU
		{CE0EB66C-C8DF-477D-A726-179CE8DE6BD2}.Release|iPhoneSimulator.Build.0 = Release|Any CPU
		{CE0EB66C-C8DF-477D-A726-179CE8DE6BD2}.Release|x86.ActiveCfg = Release|Any CPU
		{CE0EB66C-C8DF-477D-A726-179CE8DE6BD2}.Release|x86.Build.0 = Release|Any CPU
	EndGlobalSection
	GlobalSection(SolutionProperties) = preSolution
		HideSolutionNode = FALSE
	EndGlobalSection
EndGlobal
